
Microsoft Visual Studio Solution File, Format Version 12.00
# Visual Studio Version 17
VisualStudioVersion = 17.9.34723.18
MinimumVisualStudioVersion = 10.0.40219.1
Project("{FAE04EC0-301F-11D3-BF4B-00C04F79EFBC}") = "PrimaryConstructors", "PrimaryConstructors\PrimaryConstructors.csproj", "{9BDD59CC-D807-4BBF-84BF-37C1D0643DCE}"
EndProject
Global
	GlobalSection(SolutionConfigurationPlatforms) = preSolution
		Debug|Any CPU = Debug|Any CPU
		Release|Any CPU = Release|Any CPU
	EndGlobalSection
	GlobalSection(ProjectConfigurationPlatforms) = postSolution
		{9BDD59CC-D807-4BBF-84BF-37C1D0643DCE}.Debug|Any CPU.ActiveCfg = Debug|Any CPU
		{9BDD59CC-D807-4BBF-84BF-37C1D0643DCE}.Debug|Any CPU.Build.0 = Debug|Any CPU
		{9BDD59CC-D807-4BBF-84BF-37C1D0643DCE}.Release|Any CPU.ActiveCfg = Release|Any CPU
		{9BDD59CC-D807-4BBF-84BF-37C1D0643DCE}.Release|Any CPU.Build.0 = Release|Any CPU
	EndGlobalSection
	GlobalSection(SolutionProperties) = preSolution
		HideSolutionNode = FALSE
	EndGlobalSection
	GlobalSection(ExtensibilityGlobals) = postSolution
		SolutionGuid = {7EC26ED9-1F47-40E3-9E6F-B1886D092A72}
	EndGlobalSection
EndGlobal
