
Microsoft Visual Studio Solution File, Format Version 12.00
# Visual Studio Version 17
VisualStudioVersion = 17.9.34723.18
MinimumVisualStudioVersion = 10.0.40219.1
Project("{FAE04EC0-301F-11D3-BF4B-00C04F79EFBC}") = "GenerikMembers_Zad2", "GenerikMembers_Zad2\GenerikMembers_Zad2.csproj", "{DB0FDD97-51EF-4249-906E-20042A84B7F8}"
EndProject
Global
	GlobalSection(SolutionConfigurationPlatforms) = preSolution
		Debug|Any CPU = Debug|Any CPU
		Release|Any CPU = Release|Any CPU
	EndGlobalSection
	GlobalSection(ProjectConfigurationPlatforms) = postSolution
		{DB0FDD97-51EF-4249-906E-20042A84B7F8}.Debug|Any CPU.ActiveCfg = Debug|Any CPU
		{DB0FDD97-51EF-4249-906E-20042A84B7F8}.Debug|Any CPU.Build.0 = Debug|Any CPU
		{DB0FDD97-51EF-4249-906E-20042A84B7F8}.Release|Any CPU.ActiveCfg = Release|Any CPU
		{DB0FDD97-51EF-4249-906E-20042A84B7F8}.Release|Any CPU.Build.0 = Release|Any CPU
	EndGlobalSection
	GlobalSection(SolutionProperties) = preSolution
		HideSolutionNode = FALSE
	EndGlobalSection
	GlobalSection(ExtensibilityGlobals) = postSolution
		SolutionGuid = {1F2FFB27-5E28-4389-9900-524EBB529D40}
	EndGlobalSection
EndGlobal
